
Microsoft Visual Studio Solution File, Format Version 12.00
# Visual Studio Version 16
VisualStudioVersion = 16.0.30204.135
MinimumVisualStudioVersion = 10.0.40219.1
Project("{9A19103F-16F7-4668-BE54-9A1E7A4F7556}") = "Inide.WebServices", "Inide.WebServices\Inide.WebServices.csproj", "{334FC2D5-A1AC-45A6-9A86-881C115C2462}"
EndProject
Project("{9A19103F-16F7-4668-BE54-9A1E7A4F7556}") = "Inide.WebServices.Test", "Inide.WebServices.Test\Inide.WebServices.Test.csproj", "{D34D07BD-B2B1-4F63-9559-7794B68103E4}"
EndProject
Project("{9A19103F-16F7-4668-BE54-9A1E7A4F7556}") = "Inide.WebServices.Persistence", "Inide.WebServices.Persistence\Inide.WebServices.Persistence.csproj", "{D2895BF5-938D-402B-97BD-2375ED333872}"
EndProject
Project("{9A19103F-16F7-4668-BE54-9A1E7A4F7556}") = "Inide.WebServices.Services", "Inide.WebServices.Services\Inide.WebServices.Services.csproj", "{9E45FCBD-4FE1-4FBB-9537-4A0B5AF77A20}"
EndProject
Project("{FAE04EC0-301F-11D3-BF4B-00C04F79EFBC}") = "Inide.WebServices.Application", "Inide.WebServices.Application\Inide.WebServices.Application.csproj", "{D1A522BE-4AAD-4A99-B9A8-E1CB2FB05770}"
EndProject
Global
	GlobalSection(SolutionConfigurationPlatforms) = preSolution
		Debug|Any CPU = Debug|Any CPU
		Release|Any CPU = Release|Any CPU
	EndGlobalSection
	GlobalSection(ProjectConfigurationPlatforms) = postSolution
		{334FC2D5-A1AC-45A6-9A86-881C115C2462}.Debug|Any CPU.ActiveCfg = Debug|Any CPU
		{334FC2D5-A1AC-45A6-9A86-881C115C2462}.Debug|Any CPU.Build.0 = Debug|Any CPU
		{334FC2D5-A1AC-45A6-9A86-881C115C2462}.Release|Any CPU.ActiveCfg = Release|Any CPU
		{334FC2D5-A1AC-45A6-9A86-881C115C2462}.Release|Any CPU.Build.0 = Release|Any CPU
		{D34D07BD-B2B1-4F63-9559-7794B68103E4}.Debug|Any CPU.ActiveCfg = Debug|Any CPU
		{D34D07BD-B2B1-4F63-9559-7794B68103E4}.Debug|Any CPU.Build.0 = Debug|Any CPU
		{D34D07BD-B2B1-4F63-9559-7794B68103E4}.Release|Any CPU.ActiveCfg = Release|Any CPU
		{D34D07BD-B2B1-4F63-9559-7794B68103E4}.Release|Any CPU.Build.0 = Release|Any CPU
		{D2895BF5-938D-402B-97BD-2375ED333872}.Debug|Any CPU.ActiveCfg = Debug|Any CPU
		{D2895BF5-938D-402B-97BD-2375ED333872}.Debug|Any CPU.Build.0 = Debug|Any CPU
		{D2895BF5-938D-402B-97BD-2375ED333872}.Release|Any CPU.ActiveCfg = Release|Any CPU
		{D2895BF5-938D-402B-97BD-2375ED333872}.Release|Any CPU.Build.0 = Release|Any CPU
		{9E45FCBD-4FE1-4FBB-9537-4A0B5AF77A20}.Debug|Any CPU.ActiveCfg = Debug|Any CPU
		{9E45FCBD-4FE1-4FBB-9537-4A0B5AF77A20}.Debug|Any CPU.Build.0 = Debug|Any CPU
		{9E45FCBD-4FE1-4FBB-9537-4A0B5AF77A20}.Release|Any CPU.ActiveCfg = Release|Any CPU
		{9E45FCBD-4FE1-4FBB-9537-4A0B5AF77A20}.Release|Any CPU.Build.0 = Release|Any CPU
		{D1A522BE-4AAD-4A99-B9A8-E1CB2FB05770}.Debug|Any CPU.ActiveCfg = Debug|Any CPU
		{D1A522BE-4AAD-4A99-B9A8-E1CB2FB05770}.Debug|Any CPU.Build.0 = Debug|Any CPU
		{D1A522BE-4AAD-4A99-B9A8-E1CB2FB05770}.Release|Any CPU.ActiveCfg = Release|Any CPU
		{D1A522BE-4AAD-4A99-B9A8-E1CB2FB05770}.Release|Any CPU.Build.0 = Release|Any CPU
	EndGlobalSection
	GlobalSection(SolutionProperties) = preSolution
		HideSolutionNode = FALSE
	EndGlobalSection
	GlobalSection(ExtensibilityGlobals) = postSolution
		SolutionGuid = {481566D1-B198-434F-ABDF-7A25B63EB211}
	EndGlobalSection
EndGlobal
